// !$*UTF8*$!
{
	archiveVersion = 1;
	classes = {
	};
	objectVersion = 56;
	objects = {

/* Begin PBXBuildFile section */
		889E4A8829A240B200685D0B /* XCTestCase+MemoryLeakTracking.swift in Sources */ = {isa = PBXBuildFile; fileRef = 88AECBDC29A0B7ED0094628D /* XCTestCase+MemoryLeakTracking.swift */; };
		88AECBDD29A0B7ED0094628D /* XCTestCase+MemoryLeakTracking.swift in Sources */ = {isa = PBXBuildFile; fileRef = 88AECBDC29A0B7ED0094628D /* XCTestCase+MemoryLeakTracking.swift */; };
		88B5C27029A2381B00E04FFB /* EssentialFeedAPIEndToEndTests.swift in Sources */ = {isa = PBXBuildFile; fileRef = 88B5C26F29A2381B00E04FFB /* EssentialFeedAPIEndToEndTests.swift */; };
		88B5C27129A2381B00E04FFB /* EssentialFeed.framework in Frameworks */ = {isa = PBXBuildFile; fileRef = 88B86302299A9B94000B83CF /* EssentialFeed.framework */; };
		88B70D5329A20F81005CEF7B /* URLSessionHTTPClient.swift in Sources */ = {isa = PBXBuildFile; fileRef = 88B70D5229A20F80005CEF7B /* URLSessionHTTPClient.swift */; };
		88B8630B299A9B95000B83CF /* EssentialFeed.framework in Frameworks */ = {isa = PBXBuildFile; fileRef = 88B86302299A9B94000B83CF /* EssentialFeed.framework */; };
		88B8631C299A9BEF000B83CF /* FeedImage.swift in Sources */ = {isa = PBXBuildFile; fileRef = 88B8631B299A9BEF000B83CF /* FeedImage.swift */; };
		88B8631E299A9C05000B83CF /* FeedLoader.swift in Sources */ = {isa = PBXBuildFile; fileRef = 88B8631D299A9C05000B83CF /* FeedLoader.swift */; };
		88B86321299A9C2A000B83CF /* LoadFeedFromRemoteUseCaseTests.swift in Sources */ = {isa = PBXBuildFile; fileRef = 88B86320299A9C2A000B83CF /* LoadFeedFromRemoteUseCaseTests.swift */; };
		CE6CFB94299E16A1003AE4B0 /* HTTPClient.swift in Sources */ = {isa = PBXBuildFile; fileRef = CE6CFB93299E16A1003AE4B0 /* HTTPClient.swift */; };
		CE6CFB96299E171B003AE4B0 /* FeedItemMapper.swift in Sources */ = {isa = PBXBuildFile; fileRef = CE6CFB95299E171B003AE4B0 /* FeedItemMapper.swift */; };
		CE6CFB99299FA49C003AE4B0 /* URLSessionHTTPClientTests.swift in Sources */ = {isa = PBXBuildFile; fileRef = CE6CFB98299FA49C003AE4B0 /* URLSessionHTTPClientTests.swift */; };
		CE6CFB9E29A4F855003AE4B0 /* CacheFeedUseCaseTests.swift in Sources */ = {isa = PBXBuildFile; fileRef = CE6CFB9D29A4F855003AE4B0 /* CacheFeedUseCaseTests.swift */; };
		CE6CFBA129A61DCF003AE4B0 /* LocalFeedLoader.swift in Sources */ = {isa = PBXBuildFile; fileRef = CE6CFBA029A61DCF003AE4B0 /* LocalFeedLoader.swift */; };
		CE6CFBA529A61EF5003AE4B0 /* FeedStore.swift in Sources */ = {isa = PBXBuildFile; fileRef = CE6CFBA429A61EF5003AE4B0 /* FeedStore.swift */; };
		CE6CFBA729A74B9A003AE4B0 /* RemoteFeedItem.swift in Sources */ = {isa = PBXBuildFile; fileRef = CE6CFBA629A74B9A003AE4B0 /* RemoteFeedItem.swift */; };
		CE6CFBA929A74BD1003AE4B0 /* LocalFeedImage.swift in Sources */ = {isa = PBXBuildFile; fileRef = CE6CFBA829A74BD1003AE4B0 /* LocalFeedImage.swift */; };
		CE9312C3299B88AB007F4462 /* RemoteFeedLoader.swift in Sources */ = {isa = PBXBuildFile; fileRef = CE9312C2299B88AB007F4462 /* RemoteFeedLoader.swift */; };
/* End PBXBuildFile section */

/* Begin PBXContainerItemProxy section */
		88B5C27229A2381B00E04FFB /* PBXContainerItemProxy */ = {
			isa = PBXContainerItemProxy;
			containerPortal = 88B862F9299A9B94000B83CF /* Project object */;
			proxyType = 1;
			remoteGlobalIDString = 88B86301299A9B94000B83CF;
			remoteInfo = EssentialFeed;
		};
		88B8630C299A9B95000B83CF /* PBXContainerItemProxy */ = {
			isa = PBXContainerItemProxy;
			containerPortal = 88B862F9299A9B94000B83CF /* Project object */;
			proxyType = 1;
			remoteGlobalIDString = 88B86301299A9B94000B83CF;
			remoteInfo = EssentialFeed;
		};
/* End PBXContainerItemProxy section */

/* Begin PBXFileReference section */
		88AECBDC29A0B7ED0094628D /* XCTestCase+MemoryLeakTracking.swift */ = {isa = PBXFileReference; lastKnownFileType = sourcecode.swift; path = "XCTestCase+MemoryLeakTracking.swift"; sourceTree = "<group>"; };
		88B5C26D29A2381B00E04FFB /* EssentialFeedAPIEndToEndTests.xctest */ = {isa = PBXFileReference; explicitFileType = wrapper.cfbundle; includeInIndex = 0; path = EssentialFeedAPIEndToEndTests.xctest; sourceTree = BUILT_PRODUCTS_DIR; };
		88B5C26F29A2381B00E04FFB /* EssentialFeedAPIEndToEndTests.swift */ = {isa = PBXFileReference; lastKnownFileType = sourcecode.swift; path = EssentialFeedAPIEndToEndTests.swift; sourceTree = "<group>"; };
		88B70D5229A20F80005CEF7B /* URLSessionHTTPClient.swift */ = {isa = PBXFileReference; lastKnownFileType = sourcecode.swift; path = URLSessionHTTPClient.swift; sourceTree = "<group>"; };
		88B86302299A9B94000B83CF /* EssentialFeed.framework */ = {isa = PBXFileReference; explicitFileType = wrapper.framework; includeInIndex = 0; path = EssentialFeed.framework; sourceTree = BUILT_PRODUCTS_DIR; };
		88B8630A299A9B95000B83CF /* EssentialFeedTests.xctest */ = {isa = PBXFileReference; explicitFileType = wrapper.cfbundle; includeInIndex = 0; path = EssentialFeedTests.xctest; sourceTree = BUILT_PRODUCTS_DIR; };
		88B8631B299A9BEF000B83CF /* FeedImage.swift */ = {isa = PBXFileReference; lastKnownFileType = sourcecode.swift; path = FeedImage.swift; sourceTree = "<group>"; };
		88B8631D299A9C05000B83CF /* FeedLoader.swift */ = {isa = PBXFileReference; lastKnownFileType = sourcecode.swift; path = FeedLoader.swift; sourceTree = "<group>"; };
		88B86320299A9C2A000B83CF /* LoadFeedFromRemoteUseCaseTests.swift */ = {isa = PBXFileReference; lastKnownFileType = sourcecode.swift; path = LoadFeedFromRemoteUseCaseTests.swift; sourceTree = "<group>"; };
		CE6CFB93299E16A1003AE4B0 /* HTTPClient.swift */ = {isa = PBXFileReference; lastKnownFileType = sourcecode.swift; path = HTTPClient.swift; sourceTree = "<group>"; };
		CE6CFB95299E171B003AE4B0 /* FeedItemMapper.swift */ = {isa = PBXFileReference; lastKnownFileType = sourcecode.swift; path = FeedItemMapper.swift; sourceTree = "<group>"; };
		CE6CFB98299FA49C003AE4B0 /* URLSessionHTTPClientTests.swift */ = {isa = PBXFileReference; lastKnownFileType = sourcecode.swift; path = URLSessionHTTPClientTests.swift; sourceTree = "<group>"; };
		CE6CFB9D29A4F855003AE4B0 /* CacheFeedUseCaseTests.swift */ = {isa = PBXFileReference; lastKnownFileType = sourcecode.swift; path = CacheFeedUseCaseTests.swift; sourceTree = "<group>"; };
		CE6CFBA029A61DCF003AE4B0 /* LocalFeedLoader.swift */ = {isa = PBXFileReference; lastKnownFileType = sourcecode.swift; path = LocalFeedLoader.swift; sourceTree = "<group>"; };
		CE6CFBA429A61EF5003AE4B0 /* FeedStore.swift */ = {isa = PBXFileReference; lastKnownFileType = sourcecode.swift; path = FeedStore.swift; sourceTree = "<group>"; };
		CE6CFBA629A74B9A003AE4B0 /* RemoteFeedItem.swift */ = {isa = PBXFileReference; lastKnownFileType = sourcecode.swift; path = RemoteFeedItem.swift; sourceTree = "<group>"; };
		CE6CFBA829A74BD1003AE4B0 /* LocalFeedImage.swift */ = {isa = PBXFileReference; lastKnownFileType = sourcecode.swift; path = LocalFeedImage.swift; sourceTree = "<group>"; };
		CE9312C2299B88AB007F4462 /* RemoteFeedLoader.swift */ = {isa = PBXFileReference; lastKnownFileType = sourcecode.swift; path = RemoteFeedLoader.swift; sourceTree = "<group>"; };
/* End PBXFileReference section */

/* Begin PBXFrameworksBuildPhase section */
		88B5C26A29A2381B00E04FFB /* Frameworks */ = {
			isa = PBXFrameworksBuildPhase;
			buildActionMask = 2147483647;
			files = (
				88B5C27129A2381B00E04FFB /* EssentialFeed.framework in Frameworks */,
			);
			runOnlyForDeploymentPostprocessing = 0;
		};
		88B862FF299A9B94000B83CF /* Frameworks */ = {
			isa = PBXFrameworksBuildPhase;
			buildActionMask = 2147483647;
			files = (
			);
			runOnlyForDeploymentPostprocessing = 0;
		};
		88B86307299A9B95000B83CF /* Frameworks */ = {
			isa = PBXFrameworksBuildPhase;
			buildActionMask = 2147483647;
			files = (
				88B8630B299A9B95000B83CF /* EssentialFeed.framework in Frameworks */,
			);
			runOnlyForDeploymentPostprocessing = 0;
		};
/* End PBXFrameworksBuildPhase section */

/* Begin PBXGroup section */
		88AECBDB29A0B7D20094628D /* Helpers */ = {
			isa = PBXGroup;
			children = (
				88AECBDC29A0B7ED0094628D /* XCTestCase+MemoryLeakTracking.swift */,
			);
			path = Helpers;
			sourceTree = "<group>";
		};
		88B5C26E29A2381B00E04FFB /* EssentialFeedAPIEndToEndTests */ = {
			isa = PBXGroup;
			children = (
				88B5C26F29A2381B00E04FFB /* EssentialFeedAPIEndToEndTests.swift */,
			);
			path = EssentialFeedAPIEndToEndTests;
			sourceTree = "<group>";
		};
		88B862F8299A9B94000B83CF = {
			isa = PBXGroup;
			children = (
				88B86304299A9B94000B83CF /* EssentialFeed */,
				88B8630E299A9B95000B83CF /* EssentialFeedTests */,
				88B5C26E29A2381B00E04FFB /* EssentialFeedAPIEndToEndTests */,
				88B86303299A9B94000B83CF /* Products */,
			);
			sourceTree = "<group>";
		};
		88B86303299A9B94000B83CF /* Products */ = {
			isa = PBXGroup;
			children = (
				88B86302299A9B94000B83CF /* EssentialFeed.framework */,
				88B8630A299A9B95000B83CF /* EssentialFeedTests.xctest */,
				88B5C26D29A2381B00E04FFB /* EssentialFeedAPIEndToEndTests.xctest */,
			);
			name = Products;
			sourceTree = "<group>";
		};
		88B86304299A9B94000B83CF /* EssentialFeed */ = {
			isa = PBXGroup;
			children = (
				CE6CFB9F29A61DBF003AE4B0 /* FeedCache */,
				88B8631A299A9BDF000B83CF /* FeedFeature */,
				CE9312C1299B888E007F4462 /* FeedAPI */,
			);
			path = EssentialFeed;
			sourceTree = "<group>";
		};
		88B8630E299A9B95000B83CF /* EssentialFeedTests */ = {
			isa = PBXGroup;
			children = (
				88AECBDB29A0B7D20094628D /* Helpers */,
				CE6CFB9C29A4F837003AE4B0 /* FeedCache */,
				CE6CFB97299E6E62003AE4B0 /* FeedAPI */,
			);
			path = EssentialFeedTests;
			sourceTree = "<group>";
		};
		88B8631A299A9BDF000B83CF /* FeedFeature */ = {
			isa = PBXGroup;
			children = (
				88B8631B299A9BEF000B83CF /* FeedImage.swift */,
				88B8631D299A9C05000B83CF /* FeedLoader.swift */,
			);
			path = FeedFeature;
			sourceTree = "<group>";
		};
		CE6CFB97299E6E62003AE4B0 /* FeedAPI */ = {
			isa = PBXGroup;
			children = (
				88B86320299A9C2A000B83CF /* LoadFeedFromRemoteUseCaseTests.swift */,
				CE6CFB98299FA49C003AE4B0 /* URLSessionHTTPClientTests.swift */,
			);
			path = FeedAPI;
			sourceTree = "<group>";
		};
		CE6CFB9C29A4F837003AE4B0 /* FeedCache */ = {
			isa = PBXGroup;
			children = (
				CE6CFB9D29A4F855003AE4B0 /* CacheFeedUseCaseTests.swift */,
			);
			path = FeedCache;
			sourceTree = "<group>";
		};
		CE6CFB9F29A61DBF003AE4B0 /* FeedCache */ = {
			isa = PBXGroup;
			children = (
				CE6CFBA029A61DCF003AE4B0 /* LocalFeedLoader.swift */,
				CE6CFBA429A61EF5003AE4B0 /* FeedStore.swift */,
				CE6CFBA829A74BD1003AE4B0 /* LocalFeedImage.swift */,
			);
			path = FeedCache;
			sourceTree = "<group>";
		};
		CE9312C1299B888E007F4462 /* FeedAPI */ = {
			isa = PBXGroup;
			children = (
				CE9312C2299B88AB007F4462 /* RemoteFeedLoader.swift */,
				CE6CFB93299E16A1003AE4B0 /* HTTPClient.swift */,
				CE6CFB95299E171B003AE4B0 /* FeedItemMapper.swift */,
				CE6CFBA629A74B9A003AE4B0 /* RemoteFeedItem.swift */,
				88B70D5229A20F80005CEF7B /* URLSessionHTTPClient.swift */,
			);
			path = FeedAPI;
			sourceTree = "<group>";
		};
/* End PBXGroup section */

/* Begin PBXHeadersBuildPhase section */
		88B862FD299A9B94000B83CF /* Headers */ = {
			isa = PBXHeadersBuildPhase;
			buildActionMask = 2147483647;
			files = (
			);
			runOnlyForDeploymentPostprocessing = 0;
		};
/* End PBXHeadersBuildPhase section */

/* Begin PBXNativeTarget section */
		88B5C26C29A2381B00E04FFB /* EssentialFeedAPIEndToEndTests */ = {
			isa = PBXNativeTarget;
			buildConfigurationList = 88B5C27629A2381B00E04FFB /* Build configuration list for PBXNativeTarget "EssentialFeedAPIEndToEndTests" */;
			buildPhases = (
				88B5C26929A2381B00E04FFB /* Sources */,
				88B5C26A29A2381B00E04FFB /* Frameworks */,
				88B5C26B29A2381B00E04FFB /* Resources */,
			);
			buildRules = (
			);
			dependencies = (
				88B5C27329A2381B00E04FFB /* PBXTargetDependency */,
			);
			name = EssentialFeedAPIEndToEndTests;
			productName = EssentialFeedAPIEndToEndTests;
			productReference = 88B5C26D29A2381B00E04FFB /* EssentialFeedAPIEndToEndTests.xctest */;
			productType = "com.apple.product-type.bundle.unit-test";
		};
		88B86301299A9B94000B83CF /* EssentialFeed */ = {
			isa = PBXNativeTarget;
			buildConfigurationList = 88B86314299A9B95000B83CF /* Build configuration list for PBXNativeTarget "EssentialFeed" */;
			buildPhases = (
				88B862FD299A9B94000B83CF /* Headers */,
				88B862FE299A9B94000B83CF /* Sources */,
				88B862FF299A9B94000B83CF /* Frameworks */,
				88B86300299A9B94000B83CF /* Resources */,
			);
			buildRules = (
			);
			dependencies = (
			);
			name = EssentialFeed;
			productName = EssentialFeed;
			productReference = 88B86302299A9B94000B83CF /* EssentialFeed.framework */;
			productType = "com.apple.product-type.framework";
		};
		88B86309299A9B95000B83CF /* EssentialFeedTests */ = {
			isa = PBXNativeTarget;
			buildConfigurationList = 88B86317299A9B95000B83CF /* Build configuration list for PBXNativeTarget "EssentialFeedTests" */;
			buildPhases = (
				88B86306299A9B95000B83CF /* Sources */,
				88B86307299A9B95000B83CF /* Frameworks */,
				88B86308299A9B95000B83CF /* Resources */,
			);
			buildRules = (
			);
			dependencies = (
				88B8630D299A9B95000B83CF /* PBXTargetDependency */,
			);
			name = EssentialFeedTests;
			productName = EssentialFeedTests;
			productReference = 88B8630A299A9B95000B83CF /* EssentialFeedTests.xctest */;
			productType = "com.apple.product-type.bundle.unit-test";
		};
/* End PBXNativeTarget section */

/* Begin PBXProject section */
		88B862F9299A9B94000B83CF /* Project object */ = {
			isa = PBXProject;
			attributes = {
				BuildIndependentTargetsInParallel = 1;
				LastSwiftUpdateCheck = 1420;
				LastUpgradeCheck = 1420;
				TargetAttributes = {
					88B5C26C29A2381B00E04FFB = {
						CreatedOnToolsVersion = 14.2;
					};
					88B86301299A9B94000B83CF = {
						CreatedOnToolsVersion = 14.2;
						LastSwiftMigration = 1420;
					};
					88B86309299A9B95000B83CF = {
						CreatedOnToolsVersion = 14.2;
						LastSwiftMigration = 1420;
					};
				};
			};
			buildConfigurationList = 88B862FC299A9B94000B83CF /* Build configuration list for PBXProject "EssentialFeed" */;
			compatibilityVersion = "Xcode 14.0";
			developmentRegion = en;
			hasScannedForEncodings = 0;
			knownRegions = (
				en,
				Base,
			);
			mainGroup = 88B862F8299A9B94000B83CF;
			productRefGroup = 88B86303299A9B94000B83CF /* Products */;
			projectDirPath = "";
			projectRoot = "";
			targets = (
				88B86301299A9B94000B83CF /* EssentialFeed */,
				88B86309299A9B95000B83CF /* EssentialFeedTests */,
				88B5C26C29A2381B00E04FFB /* EssentialFeedAPIEndToEndTests */,
			);
		};
/* End PBXProject section */

/* Begin PBXResourcesBuildPhase section */
		88B5C26B29A2381B00E04FFB /* Resources */ = {
			isa = PBXResourcesBuildPhase;
			buildActionMask = 2147483647;
			files = (
			);
			runOnlyForDeploymentPostprocessing = 0;
		};
		88B86300299A9B94000B83CF /* Resources */ = {
			isa = PBXResourcesBuildPhase;
			buildActionMask = 2147483647;
			files = (
			);
			runOnlyForDeploymentPostprocessing = 0;
		};
		88B86308299A9B95000B83CF /* Resources */ = {
			isa = PBXResourcesBuildPhase;
			buildActionMask = 2147483647;
			files = (
			);
			runOnlyForDeploymentPostprocessing = 0;
		};
/* End PBXResourcesBuildPhase section */

/* Begin PBXSourcesBuildPhase section */
		88B5C26929A2381B00E04FFB /* Sources */ = {
			isa = PBXSourcesBuildPhase;
			buildActionMask = 2147483647;
			files = (
				88B5C27029A2381B00E04FFB /* EssentialFeedAPIEndToEndTests.swift in Sources */,
				889E4A8829A240B200685D0B /* XCTestCase+MemoryLeakTracking.swift in Sources */,
			);
			runOnlyForDeploymentPostprocessing = 0;
		};
		88B862FE299A9B94000B83CF /* Sources */ = {
			isa = PBXSourcesBuildPhase;
			buildActionMask = 2147483647;
			files = (
				88B8631E299A9C05000B83CF /* FeedLoader.swift in Sources */,
				CE6CFB96299E171B003AE4B0 /* FeedItemMapper.swift in Sources */,
				CE6CFBA729A74B9A003AE4B0 /* RemoteFeedItem.swift in Sources */,
				CE9312C3299B88AB007F4462 /* RemoteFeedLoader.swift in Sources */,
				CE6CFBA929A74BD1003AE4B0 /* LocalFeedImage.swift in Sources */,
				CE6CFBA529A61EF5003AE4B0 /* FeedStore.swift in Sources */,
				CE6CFBA129A61DCF003AE4B0 /* LocalFeedLoader.swift in Sources */,
				CE6CFB94299E16A1003AE4B0 /* HTTPClient.swift in Sources */,
				88B8631C299A9BEF000B83CF /* FeedImage.swift in Sources */,
				88B70D5329A20F81005CEF7B /* URLSessionHTTPClient.swift in Sources */,
			);
			runOnlyForDeploymentPostprocessing = 0;
		};
		88B86306299A9B95000B83CF /* Sources */ = {
			isa = PBXSourcesBuildPhase;
			buildActionMask = 2147483647;
			files = (
				88B86321299A9C2A000B83CF /* LoadFeedFromRemoteUseCaseTests.swift in Sources */,
				CE6CFB99299FA49C003AE4B0 /* URLSessionHTTPClientTests.swift in Sources */,
				CE6CFB9E29A4F855003AE4B0 /* CacheFeedUseCaseTests.swift in Sources */,
				88AECBDD29A0B7ED0094628D /* XCTestCase+MemoryLeakTracking.swift in Sources */,
			);
			runOnlyForDeploymentPostprocessing = 0;
		};
/* End PBXSourcesBuildPhase section */

/* Begin PBXTargetDependency section */
		88B5C27329A2381B00E04FFB /* PBXTargetDependency */ = {
			isa = PBXTargetDependency;
			target = 88B86301299A9B94000B83CF /* EssentialFeed */;
			targetProxy = 88B5C27229A2381B00E04FFB /* PBXContainerItemProxy */;
		};
		88B8630D299A9B95000B83CF /* PBXTargetDependency */ = {
			isa = PBXTargetDependency;
			target = 88B86301299A9B94000B83CF /* EssentialFeed */;
			targetProxy = 88B8630C299A9B95000B83CF /* PBXContainerItemProxy */;
		};
/* End PBXTargetDependency section */

/* Begin XCBuildConfiguration section */
		88B5C27429A2381B00E04FFB /* Debug */ = {
			isa = XCBuildConfiguration;
			buildSettings = {
				CODE_SIGN_STYLE = Automatic;
				CURRENT_PROJECT_VERSION = 1;
				DEVELOPMENT_TEAM = 3V4MHUY34X;
				GENERATE_INFOPLIST_FILE = YES;
				MARKETING_VERSION = 1.0;
				PRODUCT_BUNDLE_IDENTIFIER = essentialdeveloper.EssentialFeedAPIEndToEndTests;
				PRODUCT_NAME = "$(TARGET_NAME)";
				SWIFT_EMIT_LOC_STRINGS = NO;
				SWIFT_VERSION = 5.0;
			};
			name = Debug;
		};
		88B5C27529A2381B00E04FFB /* Release */ = {
			isa = XCBuildConfiguration;
			buildSettings = {
				CODE_SIGN_STYLE = Automatic;
				CURRENT_PROJECT_VERSION = 1;
				DEVELOPMENT_TEAM = 3V4MHUY34X;
				GENERATE_INFOPLIST_FILE = YES;
				MARKETING_VERSION = 1.0;
				PRODUCT_BUNDLE_IDENTIFIER = essentialdeveloper.EssentialFeedAPIEndToEndTests;
				PRODUCT_NAME = "$(TARGET_NAME)";
				SWIFT_EMIT_LOC_STRINGS = NO;
				SWIFT_VERSION = 5.0;
			};
			name = Release;
		};
		88B86312299A9B95000B83CF /* Debug */ = {
			isa = XCBuildConfiguration;
			buildSettings = {
				ALWAYS_SEARCH_USER_PATHS = NO;
				CLANG_ANALYZER_NONNULL = YES;
				CLANG_ANALYZER_NUMBER_OBJECT_CONVERSION = YES_AGGRESSIVE;
				CLANG_CXX_LANGUAGE_STANDARD = "gnu++20";
				CLANG_ENABLE_MODULES = YES;
				CLANG_ENABLE_OBJC_ARC = YES;
				CLANG_ENABLE_OBJC_WEAK = YES;
				CLANG_WARN_BLOCK_CAPTURE_AUTORELEASING = YES;
				CLANG_WARN_BOOL_CONVERSION = YES;
				CLANG_WARN_COMMA = YES;
				CLANG_WARN_CONSTANT_CONVERSION = YES;
				CLANG_WARN_DEPRECATED_OBJC_IMPLEMENTATIONS = YES;
				CLANG_WARN_DIRECT_OBJC_ISA_USAGE = YES_ERROR;
				CLANG_WARN_DOCUMENTATION_COMMENTS = YES;
				CLANG_WARN_EMPTY_BODY = YES;
				CLANG_WARN_ENUM_CONVERSION = YES;
				CLANG_WARN_INFINITE_RECURSION = YES;
				CLANG_WARN_INT_CONVERSION = YES;
				CLANG_WARN_NON_LITERAL_NULL_CONVERSION = YES;
				CLANG_WARN_OBJC_IMPLICIT_RETAIN_SELF = YES;
				CLANG_WARN_OBJC_LITERAL_CONVERSION = YES;
				CLANG_WARN_OBJC_ROOT_CLASS = YES_ERROR;
				CLANG_WARN_QUOTED_INCLUDE_IN_FRAMEWORK_HEADER = YES;
				CLANG_WARN_RANGE_LOOP_ANALYSIS = YES;
				CLANG_WARN_STRICT_PROTOTYPES = YES;
				CLANG_WARN_SUSPICIOUS_MOVE = YES;
				CLANG_WARN_UNGUARDED_AVAILABILITY = YES_AGGRESSIVE;
				CLANG_WARN_UNREACHABLE_CODE = YES;
				CLANG_WARN__DUPLICATE_METHOD_MATCH = YES;
				COPY_PHASE_STRIP = NO;
				CURRENT_PROJECT_VERSION = 1;
				DEBUG_INFORMATION_FORMAT = dwarf;
				ENABLE_STRICT_OBJC_MSGSEND = YES;
				ENABLE_TESTABILITY = YES;
				GCC_C_LANGUAGE_STANDARD = gnu11;
				GCC_DYNAMIC_NO_PIC = NO;
				GCC_NO_COMMON_BLOCKS = YES;
				GCC_OPTIMIZATION_LEVEL = 0;
				GCC_PREPROCESSOR_DEFINITIONS = (
					"DEBUG=1",
					"$(inherited)",
				);
				GCC_WARN_64_TO_32_BIT_CONVERSION = YES;
				GCC_WARN_ABOUT_RETURN_TYPE = YES_ERROR;
				GCC_WARN_UNDECLARED_SELECTOR = YES;
				GCC_WARN_UNINITIALIZED_AUTOS = YES_AGGRESSIVE;
				GCC_WARN_UNUSED_FUNCTION = YES;
				GCC_WARN_UNUSED_VARIABLE = YES;
				MACOSX_DEPLOYMENT_TARGET = 13.0;
				MTL_ENABLE_DEBUG_INFO = INCLUDE_SOURCE;
				MTL_FAST_MATH = YES;
				ONLY_ACTIVE_ARCH = YES;
				SDKROOT = macosx;
				SWIFT_ACTIVE_COMPILATION_CONDITIONS = DEBUG;
				SWIFT_OPTIMIZATION_LEVEL = "-Onone";
				VERSIONING_SYSTEM = "apple-generic";
				VERSION_INFO_PREFIX = "";
			};
			name = Debug;
		};
		88B86313299A9B95000B83CF /* Release */ = {
			isa = XCBuildConfiguration;
			buildSettings = {
				ALWAYS_SEARCH_USER_PATHS = NO;
				CLANG_ANALYZER_NONNULL = YES;
				CLANG_ANALYZER_NUMBER_OBJECT_CONVERSION = YES_AGGRESSIVE;
				CLANG_CXX_LANGUAGE_STANDARD = "gnu++20";
				CLANG_ENABLE_MODULES = YES;
				CLANG_ENABLE_OBJC_ARC = YES;
				CLANG_ENABLE_OBJC_WEAK = YES;
				CLANG_WARN_BLOCK_CAPTURE_AUTORELEASING = YES;
				CLANG_WARN_BOOL_CONVERSION = YES;
				CLANG_WARN_COMMA = YES;
				CLANG_WARN_CONSTANT_CONVERSION = YES;
				CLANG_WARN_DEPRECATED_OBJC_IMPLEMENTATIONS = YES;
				CLANG_WARN_DIRECT_OBJC_ISA_USAGE = YES_ERROR;
				CLANG_WARN_DOCUMENTATION_COMMENTS = YES;
				CLANG_WARN_EMPTY_BODY = YES;
				CLANG_WARN_ENUM_CONVERSION = YES;
				CLANG_WARN_INFINITE_RECURSION = YES;
				CLANG_WARN_INT_CONVERSION = YES;
				CLANG_WARN_NON_LITERAL_NULL_CONVERSION = YES;
				CLANG_WARN_OBJC_IMPLICIT_RETAIN_SELF = YES;
				CLANG_WARN_OBJC_LITERAL_CONVERSION = YES;
				CLANG_WARN_OBJC_ROOT_CLASS = YES_ERROR;
				CLANG_WARN_QUOTED_INCLUDE_IN_FRAMEWORK_HEADER = YES;
				CLANG_WARN_RANGE_LOOP_ANALYSIS = YES;
				CLANG_WARN_STRICT_PROTOTYPES = YES;
				CLANG_WARN_SUSPICIOUS_MOVE = YES;
				CLANG_WARN_UNGUARDED_AVAILABILITY = YES_AGGRESSIVE;
				CLANG_WARN_UNREACHABLE_CODE = YES;
				CLANG_WARN__DUPLICATE_METHOD_MATCH = YES;
				COPY_PHASE_STRIP = NO;
				CURRENT_PROJECT_VERSION = 1;
				DEBUG_INFORMATION_FORMAT = "dwarf-with-dsym";
				ENABLE_NS_ASSERTIONS = NO;
				ENABLE_STRICT_OBJC_MSGSEND = YES;
				GCC_C_LANGUAGE_STANDARD = gnu11;
				GCC_NO_COMMON_BLOCKS = YES;
				GCC_WARN_64_TO_32_BIT_CONVERSION = YES;
				GCC_WARN_ABOUT_RETURN_TYPE = YES_ERROR;
				GCC_WARN_UNDECLARED_SELECTOR = YES;
				GCC_WARN_UNINITIALIZED_AUTOS = YES_AGGRESSIVE;
				GCC_WARN_UNUSED_FUNCTION = YES;
				GCC_WARN_UNUSED_VARIABLE = YES;
				MACOSX_DEPLOYMENT_TARGET = 13.0;
				MTL_ENABLE_DEBUG_INFO = NO;
				MTL_FAST_MATH = YES;
				SDKROOT = macosx;
				SWIFT_COMPILATION_MODE = wholemodule;
				SWIFT_OPTIMIZATION_LEVEL = "-O";
				VERSIONING_SYSTEM = "apple-generic";
				VERSION_INFO_PREFIX = "";
			};
			name = Release;
		};
		88B86315299A9B95000B83CF /* Debug */ = {
			isa = XCBuildConfiguration;
			buildSettings = {
				CLANG_ENABLE_MODULES = YES;
				CODE_SIGN_STYLE = Automatic;
				COMBINE_HIDPI_IMAGES = YES;
				CURRENT_PROJECT_VERSION = 1;
				DEFINES_MODULE = YES;
				DEVELOPMENT_TEAM = 3V4MHUY34X;
				DYLIB_COMPATIBILITY_VERSION = 1;
				DYLIB_CURRENT_VERSION = 1;
				DYLIB_INSTALL_NAME_BASE = "@rpath";
				GENERATE_INFOPLIST_FILE = YES;
				INFOPLIST_KEY_NSHumanReadableCopyright = "";
				INSTALL_PATH = "$(LOCAL_LIBRARY_DIR)/Frameworks";
				LD_RUNPATH_SEARCH_PATHS = (
					"$(inherited)",
					"@executable_path/../Frameworks",
					"@loader_path/Frameworks",
				);
				MARKETING_VERSION = 1.0;
				PRODUCT_BUNDLE_IDENTIFIER = essentialdeveloper.EssentialFeed;
				PRODUCT_NAME = "$(TARGET_NAME:c99extidentifier)";
				SKIP_INSTALL = YES;
				SWIFT_EMIT_LOC_STRINGS = YES;
				SWIFT_OPTIMIZATION_LEVEL = "-Onone";
				SWIFT_VERSION = 5.0;
			};
			name = Debug;
		};
		88B86316299A9B95000B83CF /* Release */ = {
			isa = XCBuildConfiguration;
			buildSettings = {
				CLANG_ENABLE_MODULES = YES;
				CODE_SIGN_STYLE = Automatic;
				COMBINE_HIDPI_IMAGES = YES;
				CURRENT_PROJECT_VERSION = 1;
				DEFINES_MODULE = YES;
				DEVELOPMENT_TEAM = 3V4MHUY34X;
				DYLIB_COMPATIBILITY_VERSION = 1;
				DYLIB_CURRENT_VERSION = 1;
				DYLIB_INSTALL_NAME_BASE = "@rpath";
				GENERATE_INFOPLIST_FILE = YES;
				INFOPLIST_KEY_NSHumanReadableCopyright = "";
				INSTALL_PATH = "$(LOCAL_LIBRARY_DIR)/Frameworks";
				LD_RUNPATH_SEARCH_PATHS = (
					"$(inherited)",
					"@executable_path/../Frameworks",
					"@loader_path/Frameworks",
				);
				MARKETING_VERSION = 1.0;
				PRODUCT_BUNDLE_IDENTIFIER = essentialdeveloper.EssentialFeed;
				PRODUCT_NAME = "$(TARGET_NAME:c99extidentifier)";
				SKIP_INSTALL = YES;
				SWIFT_EMIT_LOC_STRINGS = YES;
				SWIFT_VERSION = 5.0;
			};
			name = Release;
		};
		88B86318299A9B95000B83CF /* Debug */ = {
			isa = XCBuildConfiguration;
			buildSettings = {
				ALWAYS_EMBED_SWIFT_STANDARD_LIBRARIES = YES;
				CLANG_ENABLE_MODULES = YES;
				CODE_SIGN_STYLE = Automatic;
				CURRENT_PROJECT_VERSION = 1;
				DEVELOPMENT_TEAM = 3V4MHUY34X;
				GENERATE_INFOPLIST_FILE = YES;
				LD_RUNPATH_SEARCH_PATHS = (
					"$(inherited)",
					"@executable_path/../Frameworks",
					"@loader_path/../Frameworks",
				);
				MARKETING_VERSION = 1.0;
				PRODUCT_BUNDLE_IDENTIFIER = essentialdeveloper.EssentialFeedTests;
				PRODUCT_NAME = "$(TARGET_NAME)";
				SWIFT_EMIT_LOC_STRINGS = NO;
				SWIFT_OPTIMIZATION_LEVEL = "-Onone";
				SWIFT_VERSION = 5.0;
			};
			name = Debug;
		};
		88B86319299A9B95000B83CF /* Release */ = {
			isa = XCBuildConfiguration;
			buildSettings = {
				ALWAYS_EMBED_SWIFT_STANDARD_LIBRARIES = YES;
				CLANG_ENABLE_MODULES = YES;
				CODE_SIGN_STYLE = Automatic;
				CURRENT_PROJECT_VERSION = 1;
				DEVELOPMENT_TEAM = 3V4MHUY34X;
				GENERATE_INFOPLIST_FILE = YES;
				LD_RUNPATH_SEARCH_PATHS = (
					"$(inherited)",
					"@executable_path/../Frameworks",
					"@loader_path/../Frameworks",
				);
				MARKETING_VERSION = 1.0;
				PRODUCT_BUNDLE_IDENTIFIER = essentialdeveloper.EssentialFeedTests;
				PRODUCT_NAME = "$(TARGET_NAME)";
				SWIFT_EMIT_LOC_STRINGS = NO;
				SWIFT_VERSION = 5.0;
			};
			name = Release;
		};
/* End XCBuildConfiguration section */

/* Begin XCConfigurationList section */
		88B5C27629A2381B00E04FFB /* Build configuration list for PBXNativeTarget "EssentialFeedAPIEndToEndTests" */ = {
			isa = XCConfigurationList;
			buildConfigurations = (
				88B5C27429A2381B00E04FFB /* Debug */,
				88B5C27529A2381B00E04FFB /* Release */,
			);
			defaultConfigurationIsVisible = 0;
			defaultConfigurationName = Release;
		};
		88B862FC299A9B94000B83CF /* Build configuration list for PBXProject "EssentialFeed" */ = {
			isa = XCConfigurationList;
			buildConfigurations = (
				88B86312299A9B95000B83CF /* Debug */,
				88B86313299A9B95000B83CF /* Release */,
			);
			defaultConfigurationIsVisible = 0;
			defaultConfigurationName = Release;
		};
		88B86314299A9B95000B83CF /* Build configuration list for PBXNativeTarget "EssentialFeed" */ = {
			isa = XCConfigurationList;
			buildConfigurations = (
				88B86315299A9B95000B83CF /* Debug */,
				88B86316299A9B95000B83CF /* Release */,
			);
			defaultConfigurationIsVisible = 0;
			defaultConfigurationName = Release;
		};
		88B86317299A9B95000B83CF /* Build configuration list for PBXNativeTarget "EssentialFeedTests" */ = {
			isa = XCConfigurationList;
			buildConfigurations = (
				88B86318299A9B95000B83CF /* Debug */,
				88B86319299A9B95000B83CF /* Release */,
			);
			defaultConfigurationIsVisible = 0;
			defaultConfigurationName = Release;
		};
/* End XCConfigurationList section */
	};
	rootObject = 88B862F9299A9B94000B83CF /* Project object */;
}
